{
  "name": "neochess-server",
  "version": "1.0.0",
  "lockfileVersion": 2,
  "requires": true,
  "packages": {
    "": {
      "name": "neochess-server",
      "version": "1.0.0",
      "license": "ISC",
      "dependencies": {
        "@neochess/core": "^1.0.3"
      }
    },
    "node_modules/@neochess/core": {
      "version": "1.0.3",
      "resolved": "https://registry.npmjs.org/@neochess/core/-/core-1.0.3.tgz",
      "integrity": "sha512-9syFtHE+us70PSHgxJqa2O5UW0slaot2aivlBK3nCprLUNP9mRfHu+1HvNzWIZQEichmcYrCF0C6+gT2e7YnvA=="
    }
  },
  "dependencies": {
    "@neochess/core": {
      "version": "1.0.3",
      "resolved": "https://registry.npmjs.org/@neochess/core/-/core-1.0.3.tgz",
      "integrity": "sha512-9syFtHE+us70PSHgxJqa2O5UW0slaot2aivlBK3nCprLUNP9mRfHu+1HvNzWIZQEichmcYrCF0C6+gT2e7YnvA=="
    }
  }
}
